
Microsoft Visual Studio Solution File, Format Version 12.00
# Visual Studio Version 17
VisualStudioVersion = 17.10.34928.147
MinimumVisualStudioVersion = 10.0.40219.1
Project("{FAE04EC0-301F-11D3-BF4B-00C04F79EFBC}") = "Hare", "Hare\Hare.csproj", "{DFD47926-CEDD-40E0-88F7-6079117CA3CA}"
EndProject
Global
	GlobalSection(SolutionConfigurationPlatforms) = preSolution
		Debug|Any CPU = Debug|Any CPU
		Release|Any CPU = Release|Any CPU
	EndGlobalSection
	GlobalSection(ProjectConfigurationPlatforms) = postSolution
		{DFD47926-CEDD-40E0-88F7-6079117CA3CA}.Debug|Any CPU.ActiveCfg = Debug|Any CPU
		{DFD47926-CEDD-40E0-88F7-6079117CA3CA}.Debug|Any CPU.Build.0 = Debug|Any CPU
		{DFD47926-CEDD-40E0-88F7-6079117CA3CA}.Release|Any CPU.ActiveCfg = Release|Any CPU
		{DFD47926-CEDD-40E0-88F7-6079117CA3CA}.Release|Any CPU.Build.0 = Release|Any CPU
	EndGlobalSection
	GlobalSection(SolutionProperties) = preSolution
		HideSolutionNode = FALSE
	EndGlobalSection
	GlobalSection(ExtensibilityGlobals) = postSolution
		SolutionGuid = {E8B374EF-249F-47E8-88C7-4FA7FDCA270F}
	EndGlobalSection
EndGlobal
