
Microsoft Visual Studio Solution File, Format Version 12.00
# Visual Studio Version 17
VisualStudioVersion = 17.10.34928.147
MinimumVisualStudioVersion = 10.0.40219.1
Project("{FAE04EC0-301F-11D3-BF4B-00C04F79EFBC}") = "Hare", "Hare\Hare.csproj", "{B7D92919-36C9-4CA1-B5BC-564DC1F56560}"
EndProject
Global
	GlobalSection(SolutionConfigurationPlatforms) = preSolution
		Debug|Any CPU = Debug|Any CPU
		Release|Any CPU = Release|Any CPU
	EndGlobalSection
	GlobalSection(ProjectConfigurationPlatforms) = postSolution
		{B7D92919-36C9-4CA1-B5BC-564DC1F56560}.Debug|Any CPU.ActiveCfg = Debug|Any CPU
		{B7D92919-36C9-4CA1-B5BC-564DC1F56560}.Debug|Any CPU.Build.0 = Debug|Any CPU
		{B7D92919-36C9-4CA1-B5BC-564DC1F56560}.Release|Any CPU.ActiveCfg = Release|Any CPU
		{B7D92919-36C9-4CA1-B5BC-564DC1F56560}.Release|Any CPU.Build.0 = Release|Any CPU
	EndGlobalSection
	GlobalSection(SolutionProperties) = preSolution
		HideSolutionNode = FALSE
	EndGlobalSection
	GlobalSection(ExtensibilityGlobals) = postSolution
		SolutionGuid = {53750624-F54B-4B29-BB99-377750CF0308}
	EndGlobalSection
EndGlobal
